
Microsoft Visual Studio Solution File, Format Version 12.00
# Visual Studio Version 17
VisualStudioVersion = 17.10.35004.147
MinimumVisualStudioVersion = 10.0.40219.1
Project("{FAE04EC0-301F-11D3-BF4B-00C04F79EFBC}") = "videosUpload", "videosUpload.csproj", "{DF2CE51E-8CE5-4A05-B251-BB3369A4596E}"
EndProject
Global
	GlobalSection(SolutionConfigurationPlatforms) = preSolution
		Debug|Any CPU = Debug|Any CPU
		Release|Any CPU = Release|Any CPU
	EndGlobalSection
	GlobalSection(ProjectConfigurationPlatforms) = postSolution
		{DF2CE51E-8CE5-4A05-B251-BB3369A4596E}.Debug|Any CPU.ActiveCfg = Debug|Any CPU
		{DF2CE51E-8CE5-4A05-B251-BB3369A4596E}.Debug|Any CPU.Build.0 = Debug|Any CPU
		{DF2CE51E-8CE5-4A05-B251-BB3369A4596E}.Release|Any CPU.ActiveCfg = Release|Any CPU
		{DF2CE51E-8CE5-4A05-B251-BB3369A4596E}.Release|Any CPU.Build.0 = Release|Any CPU
	EndGlobalSection
	GlobalSection(SolutionProperties) = preSolution
		HideSolutionNode = FALSE
	EndGlobalSection
	GlobalSection(ExtensibilityGlobals) = postSolution
		SolutionGuid = {6A57A2F5-6823-4A48-8D4F-A477A09B8018}
	EndGlobalSection
EndGlobal
